
Microsoft Visual Studio Solution File, Format Version 12.00
# Visual Studio 2012
Project("{FAE04EC0-301F-11D3-BF4B-00C04F79EFBC}") = "XamariniOSTimer", "XamariniOSTimer\XamariniOSTimer.csproj", "{8DD87866-A86E-4CFF-8176-4346EBC79807}"
EndProject
Global
	GlobalSection(SolutionConfigurationPlatforms) = preSolution
		Debug|iPhoneSimulator = Debug|iPhoneSimulator
		Release|iPhone = Release|iPhone
		Release|iPhoneSimulator = Release|iPhoneSimulator
		Debug|iPhone = Debug|iPhone
	EndGlobalSection
	GlobalSection(ProjectConfigurationPlatforms) = postSolution
		{8DD87866-A86E-4CFF-8176-4346EBC79807}.Debug|iPhoneSimulator.ActiveCfg = Debug|iPhoneSimulator
		{8DD87866-A86E-4CFF-8176-4346EBC79807}.Debug|iPhoneSimulator.Build.0 = Debug|iPhoneSimulator
		{8DD87866-A86E-4CFF-8176-4346EBC79807}.Release|iPhone.ActiveCfg = Release|iPhone
		{8DD87866-A86E-4CFF-8176-4346EBC79807}.Release|iPhone.Build.0 = Release|iPhone
		{8DD87866-A86E-4CFF-8176-4346EBC79807}.Release|iPhoneSimulator.ActiveCfg = Release|iPhoneSimulator
		{8DD87866-A86E-4CFF-8176-4346EBC79807}.Release|iPhoneSimulator.Build.0 = Release|iPhoneSimulator
		{8DD87866-A86E-4CFF-8176-4346EBC79807}.Debug|iPhone.ActiveCfg = Debug|iPhone
		{8DD87866-A86E-4CFF-8176-4346EBC79807}.Debug|iPhone.Build.0 = Debug|iPhone
	EndGlobalSection
EndGlobal
